{
  "version": 4,
  "terraform_version": "1.15.8",
  "serial": 23,
  "lineage": "0ff51aec-893e-10f2-c987-27a481f9266d",
  "outputs": {
    "alb_dns_name": {
      "value": "ticketdesk-alb-779410850.ap-south-1.elb.amazonaws.com",
      "type": "string"
    },
    "alb_zone_id": {
      "value": "ZP97RAFLXTNZK",
      "type": "string"
    },
    "cloudwatch_alarm_names": {
      "value": [
        "ticketdesk-alb-5xx-errors",
        "ticketdesk-alb-unhealthy-target",
        "ticketdesk-rds-cpu-high"
      ],
      "type": [
        "tuple",
        [
          "string",
          "string",
          "string"
        ]
      ]
    },
    "cloudwatch_dashboard_name": {
      "value": "TicketDesk-Observability",
      "type": "string"
    },
    "ecr_image": {
      "value": "956118719056.dkr.ecr.ap-south-1.amazonaws.com/ticketdesk-api:1bfa804",
      "type": "string"
    },
    "ecs_cluster_name": {
      "value": "ticketdesk-cluster",
      "type": "string"
    },
    "ecs_service_name": {
      "value": "ticketdesk-cluster",
      "type": "string"
    },
    "private_subnet_ids": {
      "value": [
        "subnet-02365ec9f4ac98e0b",
        "subnet-09ec75640e87cc03d"
      ],
      "type": [
        "tuple",
        [
          "string",
          "string"
        ]
      ]
    },
    "public_subnet_ids": {
      "value": [
        "subnet-02365ec9f4ac98e0b",
        "subnet-09ec75640e87cc03d"
      ],
      "type": [
        "tuple",
        [
          "string",
          "string"
        ]
      ]
    },
    "sns_alert_topic_arn": {
      "value": "arn:aws:sns:ap-south-1:956118719056:ticketdesk-alerts",
      "type": "string"
    },
    "vpc_id": {
      "value": "vpc-0b1b561ab96fac233",
      "type": "string"
    }
  },
  "resources": [
    {
      "mode": "data",
      "type": "aws_availability_zones",
      "name": "available",
      "provider": "provider[\"registry.terraform.io/hashicorp/aws\"]",
      "instances": [
        {
          "schema_version": 0,
          "attributes": {
            "all_availability_zones": null,
            "exclude_names": null,
            "exclude_zone_ids": null,
            "filter": null,
            "group_names": [
              "ap-south-1-zg-1"
            ],
            "id": "ap-south-1",
            "names": [
              "ap-south-1a",
              "ap-south-1b",
              "ap-south-1c"
            ],
            "state": "available",
            "timeouts": null,
            "zone_ids": [
              "aps1-az1",
              "aps1-az3",
              "aps1-az2"
            ]
          },
          "sensitive_attributes": [],
          "identity_schema_version": 0
        }
      ]
    },
    {
      "mode": "data",
      "type": "aws_db_instance",
      "name": "ticketdesk",
      "provider": "provider[\"registry.terraform.io/hashicorp/aws\"]",
      "instances": [
        {
          "schema_version": 0,
          "attributes": {
            "address": "ticketdesk-postgres.cn648882ywsv.ap-south-1.rds.amazonaws.com",
            "allocated_storage": 20,
            "auto_minor_version_upgrade": true,
            "availability_zone": "ap-south-1a",
            "backup_retention_period": 0,
            "ca_cert_identifier": "rds-ca-rsa2048-g1",
            "database_insights_mode": "standard",
            "db_cluster_identifier": "",
            "db_instance_arn": "arn:aws:rds:ap-south-1:956118719056:db:ticketdesk-postgres",
            "db_instance_class": "db.t3.micro",
            "db_instance_identifier": "ticketdesk-postgres",
            "db_instance_port": 0,
            "db_name": "ticketdesk",
            "db_parameter_groups": [
              "default.postgres16"
            ],
            "db_subnet_group": "ticketdesk-rds-ticketdeskdbsubnetgroup-9ushqqlldlps",
            "enabled_cloudwatch_logs_exports": [],
            "endpoint": "ticketdesk-postgres.cn648882ywsv.ap-south-1.rds.amazonaws.com:5432",
            "engine": "postgres",
            "engine_version": "16.13",
            "hosted_zone_id": "Z2VFMSZA74J7XZ",
            "id": "ticketdesk-postgres",
            "iops": 3000,
            "kms_key_id": "arn:aws:kms:ap-south-1:956118719056:key/0dcc757b-1803-45b2-84c5-f9203e7192b1",
            "license_model": "postgresql-license",
            "master_user_secret": null,
            "master_username": "ticketdeskadmin",
            "max_allocated_storage": 0,
            "monitoring_interval": 0,
            "monitoring_role_arn": "",
            "multi_az": false,
            "network_type": "IPV4",
            "option_group_memberships": [
              "default:postgres-16"
            ],
            "port": 5432,
            "preferred_backup_window": "23:33-00:03",
            "preferred_maintenance_window": "fri:06:59-fri:07:29",
            "publicly_accessible": false,
            "replicate_source_db": "",
            "resource_id": "db-A2PAXKIZ7PJ5BXJ5F3EINZ244Y",
            "storage_encrypted": true,
            "storage_throughput": 125,
            "storage_type": "gp3",
            "tags": {
              "Name": "TicketDesk-PostgreSQL"
            },
            "timezone": "",
            "vpc_security_groups": [
              "sg-0d0bdccef1aa8c682"
            ]
          },
          "sensitive_attributes": [],
          "identity_schema_version": 0
        }
      ]
    },
    {
      "mode": "data",
      "type": "aws_lb",
      "name": "app",
      "provider": "provider[\"registry.terraform.io/hashicorp/aws\"]",
      "instances": [
        {
          "schema_version": 0,
          "attributes": {
            "access_logs": [
              {
                "bucket": "",
                "enabled": false,
                "prefix": ""
              }
            ],
            "arn": "arn:aws:elasticloadbalancing:ap-south-1:956118719056:loadbalancer/app/ticketdesk-alb/11cd720b1dd95963",
            "arn_suffix": "app/ticketdesk-alb/11cd720b1dd95963",
            "client_keep_alive": 3600,
            "connection_logs": [
              {
                "bucket": "",
                "enabled": false,
                "prefix": ""
              }
            ],
            "customer_owned_ipv4_pool": "",
            "desync_mitigation_mode": "defensive",
            "dns_name": "ticketdesk-alb-779410850.ap-south-1.elb.amazonaws.com",
            "dns_record_client_routing_policy": null,
            "drop_invalid_header_fields": false,
            "enable_cross_zone_load_balancing": true,
            "enable_deletion_protection": false,
            "enable_http2": true,
            "enable_tls_version_and_cipher_suite_headers": false,
            "enable_waf_fail_open": false,
            "enable_xff_client_port": false,
            "enable_zonal_shift": false,
            "enforce_security_group_inbound_rules_on_private_link_traffic": "",
            "id": "arn:aws:elasticloadbalancing:ap-south-1:956118719056:loadbalancer/app/ticketdesk-alb/11cd720b1dd95963",
            "idle_timeout": 60,
            "internal": false,
            "ip_address_type": "ipv4",
            "ipam_pools": [],
            "load_balancer_type": "application",
            "name": "ticketdesk-alb",
            "preserve_host_header": false,
            "security_groups": [
              "sg-00e87eebde7f90e50"
            ],
            "subnet_mapping": [
              {
                "allocation_id": "",
                "ipv6_address": "",
                "outpost_id": "",
                "private_ipv4_address": "",
                "subnet_id": "subnet-02365ec9f4ac98e0b"
              },
              {
                "allocation_id": "",
                "ipv6_address": "",
                "outpost_id": "",
                "private_ipv4_address": "",
                "subnet_id": "subnet-09ec75640e87cc03d"
              }
            ],
            "subnets": [
              "subnet-02365ec9f4ac98e0b",
              "subnet-09ec75640e87cc03d"
            ],
            "tags": {},
            "timeouts": null,
            "vpc_id": "vpc-0b1b561ab96fac233",
            "xff_header_processing_mode": "append",
            "zone_id": "ZP97RAFLXTNZK"
          },
          "sensitive_attributes": [],
          "identity_schema_version": 0
        }
      ]
    },
    {
      "mode": "data",
      "type": "aws_lb_listener",
      "name": "http",
      "provider": "provider[\"registry.terraform.io/hashicorp/aws\"]",
      "instances": [
        {
          "schema_version": 0,
          "attributes": {
            "alpn_policy": null,
            "arn": "arn:aws:elasticloadbalancing:ap-south-1:956118719056:listener/app/ticketdesk-alb/11cd720b1dd95963/c27e8d39cf9c46af",
            "certificate_arn": null,
            "default_action": [
              {
                "authenticate_cognito": [],
                "authenticate_oidc": [],
                "fixed_response": [],
                "forward": [
                  {
                    "stickiness": [
                      {
                        "duration": 3600,
                        "enabled": false
                      }
                    ],
                    "target_group": [
                      {
                        "arn": "arn:aws:elasticloadbalancing:ap-south-1:956118719056:targetgroup/ticketdesk-api-tg/1ecceaab6e4ab15a",
                        "weight": 1
                      }
                    ]
                  }
                ],
                "order": 1,
                "redirect": [],
                "target_group_arn": "arn:aws:elasticloadbalancing:ap-south-1:956118719056:targetgroup/ticketdesk-api-tg/1ecceaab6e4ab15a",
                "type": "forward"
              }
            ],
            "id": "arn:aws:elasticloadbalancing:ap-south-1:956118719056:listener/app/ticketdesk-alb/11cd720b1dd95963/c27e8d39cf9c46af",
            "load_balancer_arn": "arn:aws:elasticloadbalancing:ap-south-1:956118719056:loadbalancer/app/ticketdesk-alb/11cd720b1dd95963",
            "mutual_authentication": [],
            "port": 80,
            "protocol": "HTTP",
            "ssl_policy": "",
            "tags": {},
            "timeouts": null
          },
          "sensitive_attributes": [],
          "identity_schema_version": 0
        }
      ]
    },
    {
      "mode": "data",
      "type": "aws_lb_target_group",
      "name": "api",
      "provider": "provider[\"registry.terraform.io/hashicorp/aws\"]",
      "instances": [
        {
          "schema_version": 0,
          "attributes": {
            "arn": "arn:aws:elasticloadbalancing:ap-south-1:956118719056:targetgroup/ticketdesk-api-tg/1ecceaab6e4ab15a",
            "arn_suffix": "targetgroup/ticketdesk-api-tg/1ecceaab6e4ab15a",
            "connection_termination": null,
            "deregistration_delay": "300",
            "health_check": [
              {
                "enabled": true,
                "healthy_threshold": 5,
                "interval": 30,
                "matcher": "200",
                "path": "/api/health",
                "port": "traffic-port",
                "protocol": "HTTP",
                "timeout": 5,
                "unhealthy_threshold": 2
              }
            ],
            "id": "arn:aws:elasticloadbalancing:ap-south-1:956118719056:targetgroup/ticketdesk-api-tg/1ecceaab6e4ab15a",
            "lambda_multi_value_headers_enabled": null,
            "load_balancer_arns": [
              "arn:aws:elasticloadbalancing:ap-south-1:956118719056:loadbalancer/app/ticketdesk-alb/11cd720b1dd95963"
            ],
            "load_balancing_algorithm_type": "round_robin",
            "load_balancing_anomaly_mitigation": "off",
            "load_balancing_cross_zone_enabled": "use_load_balancer_configuration",
            "name": "ticketdesk-api-tg",
            "port": 8000,
            "preserve_client_ip": null,
            "protocol": "HTTP",
            "protocol_version": "HTTP1",
            "proxy_protocol_v2": null,
            "slow_start": 0,
            "stickiness": [
              {
                "cookie_duration": 86400,
                "cookie_name": "",
                "enabled": false,
                "type": "lb_cookie"
              }
            ],
            "tags": {},
            "target_type": "ip",
            "timeouts": null,
            "vpc_id": "vpc-0b1b561ab96fac233"
          },
          "sensitive_attributes": [],
          "identity_schema_version": 0
        }
      ]
    },
    {
      "mode": "data",
      "type": "aws_secretsmanager_secret",
      "name": "db",
      "provider": "provider[\"registry.terraform.io/hashicorp/aws\"]",
      "instances": [
        {
          "schema_version": 0,
          "attributes": {
            "arn": "arn:aws:secretsmanager:ap-south-1:956118719056:secret:ticketdesk/db-imzD0V",
            "created_date": "2026-08-14T10:49:45Z",
            "description": "TicketDesk RDS PostgreSQL credentials",
            "id": "arn:aws:secretsmanager:ap-south-1:956118719056:secret:ticketdesk/db-imzD0V",
            "kms_key_id": "",
            "last_changed_date": "2026-08-15T12:19:31Z",
            "name": "ticketdesk/db",
            "policy": "",
            "tags": {}
          },
          "sensitive_attributes": [],
          "identity_schema_version": 0
        }
      ]
    },
    {
      "mode": "data",
      "type": "aws_secretsmanager_secret_version",
      "name": "db",
      "provider": "provider[\"registry.terraform.io/hashicorp/aws\"]",
      "instances": [
        {
          "schema_version": 0,
          "attributes": {
            "arn": "arn:aws:secretsmanager:ap-south-1:956118719056:secret:ticketdesk/db-imzD0V",
            "created_date": "2026-08-15T12:19:31Z",
            "id": "arn:aws:secretsmanager:ap-south-1:956118719056:secret:ticketdesk/db-imzD0V|AWSCURRENT",
            "secret_binary": "",
            "secret_id": "arn:aws:secretsmanager:ap-south-1:956118719056:secret:ticketdesk/db-imzD0V",
            "secret_string": "{\"username\":\"ticketdeskadmin\",\"password\":\"Post#987\"}",
            "version_id": "82a35182-86c3-4319-81ca-d0ff8dff626f",
            "version_stage": "AWSCURRENT",
            "version_stages": [
              "AWSCURRENT"
            ]
          },
          "sensitive_attributes": [
            [
              {
                "type": "get_attr",
                "value": "secret_binary"
              }
            ],
            [
              {
                "type": "get_attr",
                "value": "secret_string"
              }
            ]
          ],
          "identity_schema_version": 0
        }
      ]
    },
    {
      "mode": "data",
      "type": "aws_security_group",
      "name": "alb",
      "provider": "provider[\"registry.terraform.io/hashicorp/aws\"]",
      "instances": [
        {
          "schema_version": 0,
          "attributes": {
            "arn": "arn:aws:ec2:ap-south-1:956118719056:security-group/sg-00e87eebde7f90e50",
            "description": "Security group for alb",
            "filter": null,
            "id": "sg-00e87eebde7f90e50",
            "name": "ticketdesk-alb-sg",
            "tags": {},
            "timeouts": null,
            "vpc_id": "vpc-0b1b561ab96fac233"
          },
          "sensitive_attributes": [],
          "identity_schema_version": 0
        }
      ]
    },
    {
      "mode": "data",
      "type": "aws_security_group",
      "name": "ecs_tasks",
      "provider": "provider[\"registry.terraform.io/hashicorp/aws\"]",
      "instances": [
        {
          "schema_version": 0,
          "attributes": {
            "arn": "arn:aws:ec2:ap-south-1:956118719056:security-group/sg-0534bba921f1dd6fb",
            "description": "Security group for TicketDesk ECS Fargate API",
            "filter": null,
            "id": "sg-0534bba921f1dd6fb",
            "name": "ticketdesk-api-sg",
            "tags": {},
            "timeouts": null,
            "vpc_id": "vpc-0b1b561ab96fac233"
          },
          "sensitive_attributes": [],
          "identity_schema_version": 0
        }
      ]
    },
    {
      "mode": "data",
      "type": "aws_subnet",
      "name": "public_az1",
      "provider": "provider[\"registry.terraform.io/hashicorp/aws\"]",
      "instances": [
        {
          "schema_version": 0,
          "attributes": {
            "arn": "arn:aws:ec2:ap-south-1:956118719056:subnet/subnet-02365ec9f4ac98e0b",
            "assign_ipv6_address_on_creation": false,
            "availability_zone": "ap-south-1a",
            "availability_zone_id": "aps1-az1",
            "available_ip_address_count": 250,
            "cidr_block": "20.0.1.0/24",
            "customer_owned_ipv4_pool": "",
            "default_for_az": false,
            "enable_dns64": false,
            "enable_lni_at_device_index": 0,
            "enable_resource_name_dns_a_record_on_launch": false,
            "enable_resource_name_dns_aaaa_record_on_launch": false,
            "filter": null,
            "id": "subnet-02365ec9f4ac98e0b",
            "ipv6_cidr_block": "",
            "ipv6_cidr_block_association_id": "",
            "ipv6_native": false,
            "map_customer_owned_ip_on_launch": false,
            "map_public_ip_on_launch": true,
            "outpost_arn": "",
            "owner_id": "956118719056",
            "private_dns_hostname_type_on_launch": "ip-name",
            "state": "available",
            "tags": {
              "Name": "TicketDesk-Public-Subnet-1"
            },
            "timeouts": null,
            "vpc_id": "vpc-0b1b561ab96fac233"
          },
          "sensitive_attributes": [],
          "identity_schema_version": 0
        }
      ]
    },
    {
      "mode": "data",
      "type": "aws_subnet",
      "name": "public_az2",
      "provider": "provider[\"registry.terraform.io/hashicorp/aws\"]",
      "instances": [
        {
          "schema_version": 0,
          "attributes": {
            "arn": "arn:aws:ec2:ap-south-1:956118719056:subnet/subnet-09ec75640e87cc03d",
            "assign_ipv6_address_on_creation": false,
            "availability_zone": "ap-south-1b",
            "availability_zone_id": "aps1-az3",
            "available_ip_address_count": 249,
            "cidr_block": "20.0.2.0/24",
            "customer_owned_ipv4_pool": "",
            "default_for_az": false,
            "enable_dns64": false,
            "enable_lni_at_device_index": 0,
            "enable_resource_name_dns_a_record_on_launch": false,
            "enable_resource_name_dns_aaaa_record_on_launch": false,
            "filter": null,
            "id": "subnet-09ec75640e87cc03d",
            "ipv6_cidr_block": "",
            "ipv6_cidr_block_association_id": "",
            "ipv6_native": false,
            "map_customer_owned_ip_on_launch": false,
            "map_public_ip_on_launch": true,
            "outpost_arn": "",
            "owner_id": "956118719056",
            "private_dns_hostname_type_on_launch": "ip-name",
            "state": "available",
            "tags": {
              "Name": "TicketDesk-Public-Subnet-2"
            },
            "timeouts": null,
            "vpc_id": "vpc-0b1b561ab96fac233"
          },
          "sensitive_attributes": [],
          "identity_schema_version": 0
        }
      ]
    },
    {
      "mode": "data",
      "type": "aws_vpc",
      "name": "ticketdesk",
      "provider": "provider[\"registry.terraform.io/hashicorp/aws\"]",
      "instances": [
        {
          "schema_version": 0,
          "attributes": {
            "arn": "arn:aws:ec2:ap-south-1:956118719056:vpc/vpc-0b1b561ab96fac233",
            "cidr_block": "20.0.0.0/16",
            "cidr_block_associations": [
              {
                "association_id": "vpc-cidr-assoc-0ee01c3ab3885b851",
                "cidr_block": "20.0.0.0/16",
                "state": "associated"
              }
            ],
            "default": false,
            "dhcp_options_id": "dopt-00086b8593618bb63",
            "enable_dns_hostnames": true,
            "enable_dns_support": true,
            "enable_network_address_usage_metrics": false,
            "filter": null,
            "id": "vpc-0b1b561ab96fac233",
            "instance_tenancy": "default",
            "ipv6_association_id": "",
            "ipv6_cidr_block": "",
            "main_route_table_id": "rtb-0855d287e778e204c",
            "owner_id": "956118719056",
            "state": null,
            "tags": {
              "Name": "TicketDesk-VPC"
            },
            "timeouts": null
          },
          "sensitive_attributes": [],
          "identity_schema_version": 0
        }
      ]
    },
    {
      "mode": "managed",
      "type": "aws_cloudwatch_dashboard",
      "name": "ticketdesk",
      "provider": "provider[\"registry.terraform.io/hashicorp/aws\"]",
      "instances": [
        {
          "schema_version": 0,
          "attributes": {
            "dashboard_arn": "arn:aws:cloudwatch::956118719056:dashboard/TicketDesk-Observability",
            "dashboard_body": "{\"widgets\":[{\"height\":6,\"properties\":{\"metrics\":[[\"AWS/ApplicationELB\",\"RequestCount\",\"LoadBalancer\",\"app/ticketdesk-alb/11cd720b1dd95963\",{\"label\":\"RequestCount\",\"period\":300,\"region\":\"ap-south-1\",\"stat\":\"Sum\",\"visible\":true}]],\"period\":300,\"region\":\"ap-south-1\",\"stacked\":false,\"title\":\"ALB RequestCount\",\"view\":\"timeSeries\"},\"type\":\"metric\",\"width\":12,\"x\":0,\"y\":0},{\"height\":6,\"properties\":{\"metrics\":[[\"AWS/ApplicationELB\",\"HTTPCode_ELB_5XX_Count\",\"LoadBalancer\",\"app/ticketdesk-alb/11cd720b1dd95963\",{\"id\":\"m1\",\"label\":\"5xxCount\",\"period\":300,\"region\":\"ap-south-1\",\"stat\":\"Sum\"}],[\"AWS/ApplicationELB\",\"RequestCount\",\"LoadBalancer\",\"app/ticketdesk-alb/11cd720b1dd95963\",{\"id\":\"m2\",\"label\":\"RequestCount\",\"period\":300,\"region\":\"ap-south-1\",\"stat\":\"Sum\"}],[{\"expression\":\"100 * m1 / MAX(m2, 1)\",\"id\":\"e1\",\"label\":\"5xx Rate (%)\",\"period\":300,\"region\":\"ap-south-1\"}]],\"period\":300,\"region\":\"ap-south-1\",\"stacked\":false,\"title\":\"ALB 5xx Errors / Error Rate\",\"view\":\"timeSeries\"},\"type\":\"metric\",\"width\":12,\"x\":12,\"y\":0},{\"height\":6,\"properties\":{\"metrics\":[[\"AWS/ApplicationELB\",\"TargetResponseTime\",\"LoadBalancer\",\"app/ticketdesk-alb/11cd720b1dd95963\",\"TargetGroup\",\"targetgroup/ticketdesk-api-tg/1ecceaab6e4ab15a\",{\"label\":\"TargetResponseTime\",\"period\":300,\"region\":\"ap-south-1\",\"stat\":\"Average\"}]],\"period\":300,\"region\":\"ap-south-1\",\"stacked\":false,\"title\":\"ALB TargetResponseTime\",\"view\":\"timeSeries\"},\"type\":\"metric\",\"width\":12,\"x\":0,\"y\":6},{\"height\":6,\"properties\":{\"metrics\":[[\"AWS/ECS\",\"CPUUtilization\",\"ClusterName\",\"ticketdesk-cluster\",\"ServiceName\",\"ticketdesk-cluster\",{\"label\":\"ECS CPU\",\"period\":300,\"region\":\"ap-south-1\",\"stat\":\"Average\"}]],\"period\":300,\"region\":\"ap-south-1\",\"stacked\":false,\"title\":\"ECS CPUUtilization\",\"view\":\"timeSeries\"},\"type\":\"metric\",\"width\":12,\"x\":12,\"y\":6},{\"height\":6,\"properties\":{\"metrics\":[[\"AWS/ECS\",\"MemoryUtilization\",\"ClusterName\",\"ticketdesk-cluster\",\"ServiceName\",\"ticketdesk-cluster\",{\"label\":\"ECS Memory\",\"period\":300,\"region\":\"ap-south-1\",\"stat\":\"Average\"}]],\"period\":300,\"region\":\"ap-south-1\",\"stacked\":false,\"title\":\"ECS MemoryUtilization\",\"view\":\"timeSeries\"},\"type\":\"metric\",\"width\":12,\"x\":0,\"y\":12},{\"height\":6,\"properties\":{\"metrics\":[[\"AWS/RDS\",\"DatabaseConnections\",\"DBInstanceIdentifier\",\"ticketdesk-postgres\",{\"label\":\"DB Connections\",\"period\":300,\"region\":\"ap-south-1\",\"stat\":\"Average\"}]],\"period\":300,\"region\":\"ap-south-1\",\"stacked\":false,\"title\":\"RDS DatabaseConnections\",\"view\":\"timeSeries\"},\"type\":\"metric\",\"width\":12,\"x\":12,\"y\":12}]}",
            "dashboard_name": "TicketDesk-Observability",
            "id": "TicketDesk-Observability"
          },
          "sensitive_attributes": [],
          "identity_schema_version": 0,
          "private": "bnVsbA==",
          "dependencies": [
            "aws_cloudwatch_log_group.ticketdesk",
            "aws_ecs_cluster.ticketdesk",
            "aws_ecs_service.api",
            "aws_ecs_task_definition.api",
            "aws_iam_role.ecs_task",
            "aws_iam_role.ecs_task_execution",
            "data.aws_db_instance.ticketdesk",
            "data.aws_lb.app",
            "data.aws_lb_target_group.api",
            "data.aws_secretsmanager_secret.db",
            "data.aws_security_group.ecs_tasks",
            "data.aws_subnet.public_az1",
            "data.aws_subnet.public_az2"
          ]
        }
      ]
    },
    {
      "mode": "managed",
      "type": "aws_cloudwatch_log_group",
      "name": "ticketdesk",
      "provider": "provider[\"registry.terraform.io/hashicorp/aws\"]",
      "instances": [
        {
          "schema_version": 0,
          "attributes": {
            "arn": "arn:aws:logs:ap-south-1:956118719056:log-group:/ecs/ticketdesk-api",
            "id": "/ecs/ticketdesk-api",
            "kms_key_id": "",
            "log_group_class": "STANDARD",
            "name": "/ecs/ticketdesk-api",
            "name_prefix": "",
            "retention_in_days": 30,
            "skip_destroy": false,
            "tags": {},
            "tags_all": {}
          },
          "sensitive_attributes": [],
          "identity_schema_version": 0,
          "private": "bnVsbA=="
        }
      ]
    },
    {
      "mode": "managed",
      "type": "aws_cloudwatch_metric_alarm",
      "name": "ticketdesk_alb_5xx_errors",
      "provider": "provider[\"registry.terraform.io/hashicorp/aws\"]",
      "instances": [
        {
          "schema_version": 1,
          "attributes": {
            "actions_enabled": true,
            "alarm_actions": [
              "arn:aws:sns:ap-south-1:956118719056:ticketdesk-alerts"
            ],
            "alarm_description": "",
            "alarm_name": "ticketdesk-alb-5xx-errors",
            "arn": "arn:aws:cloudwatch:ap-south-1:956118719056:alarm:ticketdesk-alb-5xx-errors",
            "comparison_operator": "GreaterThanOrEqualToThreshold",
            "datapoints_to_alarm": 0,
            "dimensions": {
              "LoadBalancer": "app/ticketdesk-alb/11cd720b1dd95963"
            },
            "evaluate_low_sample_count_percentiles": "",
            "evaluation_periods": 2,
            "extended_statistic": "",
            "id": "ticketdesk-alb-5xx-errors",
            "insufficient_data_actions": [],
            "metric_name": "HTTPCode_ELB_5XX_Count",
            "metric_query": [],
            "namespace": "AWS/ApplicationELB",
            "ok_actions": [],
            "period": 60,
            "statistic": "Sum",
            "tags": {
              "Environment": "dev",
              "Name": "ticketdesk-alb-5xx-errors",
              "Project": "ticketdesk"
            },
            "tags_all": {
              "Environment": "dev",
              "Name": "ticketdesk-alb-5xx-errors",
              "Project": "ticketdesk"
            },
            "threshold": 1,
            "threshold_metric_id": "",
            "treat_missing_data": "notBreaching",
            "unit": ""
          },
          "sensitive_attributes": [],
          "identity_schema_version": 0,
          "private": "eyJzY2hlbWFfdmVyc2lvbiI6IjEifQ==",
          "dependencies": [
            "aws_sns_topic.ticketdesk_alerts",
            "data.aws_lb.app"
          ]
        }
      ]
    },
    {
      "mode": "managed",
      "type": "aws_cloudwatch_metric_alarm",
      "name": "ticketdesk_alb_unhealthy_target",
      "provider": "provider[\"registry.terraform.io/hashicorp/aws\"]",
      "instances": [
        {
          "schema_version": 1,
          "attributes": {
            "actions_enabled": true,
            "alarm_actions": [
              "arn:aws:sns:ap-south-1:956118719056:ticketdesk-alerts"
            ],
            "alarm_description": "",
            "alarm_name": "ticketdesk-alb-unhealthy-target",
            "arn": "arn:aws:cloudwatch:ap-south-1:956118719056:alarm:ticketdesk-alb-unhealthy-target",
            "comparison_operator": "GreaterThanOrEqualToThreshold",
            "datapoints_to_alarm": 0,
            "dimensions": {
              "LoadBalancer": "app/ticketdesk-alb/11cd720b1dd95963",
              "TargetGroup": "targetgroup/ticketdesk-api-tg/1ecceaab6e4ab15a"
            },
            "evaluate_low_sample_count_percentiles": "",
            "evaluation_periods": 2,
            "extended_statistic": "",
            "id": "ticketdesk-alb-unhealthy-target",
            "insufficient_data_actions": [],
            "metric_name": "UnHealthyHostCount",
            "metric_query": [],
            "namespace": "AWS/ApplicationELB",
            "ok_actions": [],
            "period": 60,
            "statistic": "Maximum",
            "tags": {
              "Environment": "dev",
              "Name": "ticketdesk-alb-unhealthy-target",
              "Project": "ticketdesk"
            },
            "tags_all": {
              "Environment": "dev",
              "Name": "ticketdesk-alb-unhealthy-target",
              "Project": "ticketdesk"
            },
            "threshold": 1,
            "threshold_metric_id": "",
            "treat_missing_data": "notBreaching",
            "unit": ""
          },
          "sensitive_attributes": [],
          "identity_schema_version": 0,
          "private": "eyJzY2hlbWFfdmVyc2lvbiI6IjEifQ==",
          "dependencies": [
            "aws_sns_topic.ticketdesk_alerts",
            "data.aws_lb.app",
            "data.aws_lb_target_group.api"
          ]
        }
      ]
    },
    {
      "mode": "managed",
      "type": "aws_cloudwatch_metric_alarm",
      "name": "ticketdesk_rds_cpu_high",
      "provider": "provider[\"registry.terraform.io/hashicorp/aws\"]",
      "instances": [
        {
          "schema_version": 1,
          "attributes": {
            "actions_enabled": true,
            "alarm_actions": [
              "arn:aws:sns:ap-south-1:956118719056:ticketdesk-alerts"
            ],
            "alarm_description": "",
            "alarm_name": "ticketdesk-rds-cpu-high",
            "arn": "arn:aws:cloudwatch:ap-south-1:956118719056:alarm:ticketdesk-rds-cpu-high",
            "comparison_operator": "GreaterThanOrEqualToThreshold",
            "datapoints_to_alarm": 0,
            "dimensions": {
              "DBInstanceIdentifier": "ticketdesk-postgres"
            },
            "evaluate_low_sample_count_percentiles": "",
            "evaluation_periods": 2,
            "extended_statistic": "",
            "id": "ticketdesk-rds-cpu-high",
            "insufficient_data_actions": [],
            "metric_name": "CPUUtilization",
            "metric_query": [],
            "namespace": "AWS/RDS",
            "ok_actions": [],
            "period": 300,
            "statistic": "Average",
            "tags": {
              "Environment": "dev",
              "Name": "ticketdesk-rds-cpu-high",
              "Project": "ticketdesk"
            },
            "tags_all": {
              "Environment": "dev",
              "Name": "ticketdesk-rds-cpu-high",
              "Project": "ticketdesk"
            },
            "threshold": 80,
            "threshold_metric_id": "",
            "treat_missing_data": "missing",
            "unit": ""
          },
          "sensitive_attributes": [],
          "identity_schema_version": 0,
          "private": "eyJzY2hlbWFfdmVyc2lvbiI6IjEifQ==",
          "dependencies": [
            "aws_sns_topic.ticketdesk_alerts",
            "data.aws_db_instance.ticketdesk"
          ]
        }
      ]
    },
    {
      "mode": "managed",
      "type": "aws_ecs_cluster",
      "name": "ticketdesk",
      "provider": "provider[\"registry.terraform.io/hashicorp/aws\"]",
      "instances": [
        {
          "schema_version": 0,
          "attributes": {
            "arn": "arn:aws:ecs:ap-south-1:956118719056:cluster/ticketdesk-cluster",
            "configuration": [
              {
                "execute_command_configuration": [
                  {
                    "kms_key_id": "",
                    "log_configuration": [],
                    "logging": "DEFAULT"
                  }
                ],
                "managed_storage_configuration": []
              }
            ],
            "id": "arn:aws:ecs:ap-south-1:956118719056:cluster/ticketdesk-cluster",
            "name": "ticketdesk-cluster",
            "service_connect_defaults": [],
            "setting": [
              {
                "name": "containerInsights",
                "value": "disabled"
              }
            ],
            "tags": {},
            "tags_all": {}
          },
          "sensitive_attributes": [],
          "identity_schema_version": 0,
          "private": "eyJzY2hlbWFfdmVyc2lvbiI6IjAifQ=="
        }
      ]
    },
    {
      "mode": "managed",
      "type": "aws_ecs_service",
      "name": "api",
      "provider": "provider[\"registry.terraform.io/hashicorp/aws\"]",
      "instances": [
        {
          "schema_version": 1,
          "attributes": {
            "alarms": [],
            "availability_zone_rebalancing": "ENABLED",
            "capacity_provider_strategy": [],
            "cluster": "arn:aws:ecs:ap-south-1:956118719056:cluster/ticketdesk-cluster",
            "deployment_circuit_breaker": [
              {
                "enable": true,
                "rollback": true
              }
            ],
            "deployment_controller": [
              {
                "type": "ECS"
              }
            ],
            "deployment_maximum_percent": 200,
            "deployment_minimum_healthy_percent": 100,
            "desired_count": 1,
            "enable_ecs_managed_tags": true,
            "enable_execute_command": false,
            "force_delete": null,
            "force_new_deployment": null,
            "health_check_grace_period_seconds": 0,
            "iam_role": "/aws-service-role/ecs.amazonaws.com/AWSServiceRoleForECS",
            "id": "arn:aws:ecs:ap-south-1:956118719056:service/ticketdesk-cluster/ticketdesk-cluster",
            "launch_type": "FARGATE",
            "load_balancer": [
              {
                "container_name": "ticketdesk-api",
                "container_port": 8000,
                "elb_name": "",
                "target_group_arn": "arn:aws:elasticloadbalancing:ap-south-1:956118719056:targetgroup/ticketdesk-api-tg/1ecceaab6e4ab15a"
              }
            ],
            "name": "ticketdesk-cluster",
            "network_configuration": [
              {
                "assign_public_ip": true,
                "security_groups": [
                  "sg-0534bba921f1dd6fb"
                ],
                "subnets": [
                  "subnet-02365ec9f4ac98e0b",
                  "subnet-09ec75640e87cc03d"
                ]
              }
            ],
            "ordered_placement_strategy": [],
            "placement_constraints": [],
            "platform_version": "1.4.0",
            "propagate_tags": "NONE",
            "scheduling_strategy": "REPLICA",
            "service_connect_configuration": [],
            "service_registries": [],
            "tags": {},
            "tags_all": {},
            "task_definition": "ticketdesk-api:7",
            "timeouts": null,
            "triggers": {},
            "volume_configuration": [],
            "vpc_lattice_configurations": [],
            "wait_for_steady_state": null
          },
          "sensitive_attributes": [],
          "identity_schema_version": 0,
          "private": "eyJlMmJmYjczMC1lY2FhLTExZTYtOGY4OC0zNDM2M2JjN2M0YzAiOnsiY3JlYXRlIjoxMjAwMDAwMDAwMDAwLCJkZWxldGUiOjEyMDAwMDAwMDAwMDAsInVwZGF0ZSI6MTIwMDAwMDAwMDAwMH0sInNjaGVtYV92ZXJzaW9uIjoiMSJ9",
          "dependencies": [
            "aws_cloudwatch_log_group.ticketdesk",
            "aws_ecs_cluster.ticketdesk",
            "aws_ecs_task_definition.api",
            "aws_iam_role.ecs_task",
            "aws_iam_role.ecs_task_execution",
            "data.aws_lb_target_group.api",
            "data.aws_secretsmanager_secret.db",
            "data.aws_security_group.ecs_tasks",
            "data.aws_subnet.public_az1",
            "data.aws_subnet.public_az2"
          ]
        }
      ]
    },
    {
      "mode": "managed",
      "type": "aws_ecs_task_definition",
      "name": "api",
      "provider": "provider[\"registry.terraform.io/hashicorp/aws\"]",
      "instances": [
        {
          "schema_version": 1,
          "attributes": {
            "arn": "arn:aws:ecs:ap-south-1:956118719056:task-definition/ticketdesk-api:6",
            "arn_without_revision": "arn:aws:ecs:ap-south-1:956118719056:task-definition/ticketdesk-api",
            "container_definitions": "[{\"environment\":[{\"name\":\"AWS_REGION\",\"value\":\"ap-south-1\"},{\"name\":\"DATABASE_HOST\",\"value\":\"ticketdesk-postgres.cn648882ywsv.ap-south-1.rds.amazonaws.com\"},{\"name\":\"DATABASE_NAME\",\"value\":\"ticketdesk\"},{\"name\":\"DATABASE_PORT\",\"value\":\"5432\"},{\"name\":\"DATABASE_USER\",\"value\":\"ticketdeskadmin\"},{\"name\":\"S3_BUCKET\",\"value\":\"ticketdesk-attachments-bucket\"}],\"environmentFiles\":[],\"essential\":true,\"image\":\"956118719056.dkr.ecr.ap-south-1.amazonaws.com/ticketdesk-api:1bfa804\",\"logConfiguration\":{\"logDriver\":\"awslogs\",\"options\":{\"awslogs-create-group\":\"true\",\"awslogs-region\":\"ap-south-1\",\"awslogs-stream-prefix\":\"ecs\",\"awslogs-group\":\"/ecs/ticketdesk-api\"},\"secretOptions\":[]},\"mountPoints\":[],\"name\":\"ticketdesk-api\",\"portMappings\":[{\"appProtocol\":\"http\",\"containerPort\":8000,\"hostPort\":8000,\"name\":\"ticketdesk-api-8000-tcp\",\"protocol\":\"tcp\"}],\"secrets\":[{\"name\":\"DATABASE_PASSWORD\",\"valueFrom\":\"arn:aws:secretsmanager:ap-south-1:956118719056:secret:ticketdesk/db-imzD0V:password::\"}],\"systemControls\":[],\"ulimits\":[],\"volumesFrom\":[]}]",
            "cpu": "512",
            "enable_fault_injection": false,
            "ephemeral_storage": [],
            "execution_role_arn": "arn:aws:iam::956118719056:role/ecsTaskExecutionRole",
            "family": "ticketdesk-api",
            "id": "ticketdesk-api",
            "inference_accelerator": [],
            "ipc_mode": "",
            "memory": "1024",
            "network_mode": "awsvpc",
            "pid_mode": "",
            "placement_constraints": [],
            "proxy_configuration": [],
            "requires_compatibilities": [
              "FARGATE"
            ],
            "revision": 6,
            "runtime_platform": [
              {
                "cpu_architecture": "X86_64",
                "operating_system_family": "LINUX"
              }
            ],
            "skip_destroy": null,
            "tags": {},
            "tags_all": {},
            "task_role_arn": "arn:aws:iam::956118719056:role/ticketdesk-api-task-role",
            "track_latest": false,
            "volume": []
          },
          "sensitive_attributes": [],
          "identity_schema_version": 0,
          "private": "eyJzY2hlbWFfdmVyc2lvbiI6IjEifQ==",
          "dependencies": [
            "aws_cloudwatch_log_group.ticketdesk",
            "aws_iam_role.ecs_task",
            "aws_iam_role.ecs_task_execution",
            "data.aws_secretsmanager_secret.db"
          ]
        }
      ]
    },
    {
      "mode": "managed",
      "type": "aws_iam_policy",
      "name": "task_runtime_config",
      "provider": "provider[\"registry.terraform.io/hashicorp/aws\"]",
      "instances": [
        {
          "schema_version": 0,
          "attributes": {
            "arn": "arn:aws:iam::956118719056:policy/ticketdesk-task-runtime-config",
            "attachment_count": 1,
            "description": "",
            "id": "arn:aws:iam::956118719056:policy/ticketdesk-task-runtime-config",
            "name": "ticketdesk-task-runtime-config",
            "name_prefix": "",
            "path": "/",
            "policy": "{\"Statement\":[{\"Action\":[\"ssm:GetParameter\",\"ssm:GetParameters\"],\"Effect\":\"Allow\",\"Resource\":[\"arn:aws:ssm:ap-south-1:*:parameter/ticketdesk/*\"]},{\"Action\":[\"secretsmanager:GetSecretValue\"],\"Effect\":\"Allow\",\"Resource\":\"*\"},{\"Action\":[\"kms:Decrypt\"],\"Effect\":\"Allow\",\"Resource\":\"*\"}],\"Version\":\"2012-10-17\"}",
            "policy_id": "ANPA55HI53JICZKOYI2VA",
            "tags": {},
            "tags_all": {}
          },
          "sensitive_attributes": [],
          "identity_schema_version": 0,
          "private": "eyJzY2hlbWFfdmVyc2lvbiI6IjAifQ=="
        }
      ]
    },
    {
      "mode": "managed",
      "type": "aws_iam_role",
      "name": "ecs_task",
      "provider": "provider[\"registry.terraform.io/hashicorp/aws\"]",
      "instances": [
        {
          "schema_version": 0,
          "attributes": {
            "arn": "arn:aws:iam::956118719056:role/ticketdesk-api-task-role",
            "assume_role_policy": "{\"Statement\":[{\"Action\":\"sts:AssumeRole\",\"Effect\":\"Allow\",\"Principal\":{\"Service\":\"ecs-tasks.amazonaws.com\"}}],\"Version\":\"2012-10-17\"}",
            "create_date": "2026-08-14T10:57:22Z",
            "description": "",
            "force_detach_policies": false,
            "id": "ticketdesk-api-task-role",
            "inline_policy": [
              {
                "name": "TicketDeskReadDatabaseSecret",
                "policy": "{\"Version\":\"2012-10-17\",\"Statement\":[{\"Action\":[\"secretsmanager:GetSecretValue\"],\"Effect\":\"Allow\",\"Resource\":\"arn:aws:secretsmanager:ap-south-1:956118719056:secret:ticketdesk/db-imzD0V\"}]}"
              },
              {
                "name": "TicketDeskUploadToS3",
                "policy": "{\"Version\":\"2012-10-17\",\"Statement\":[{\"Action\":[\"s3:PutObject\"],\"Effect\":\"Allow\",\"Resource\":\"arn:aws:s3:::ticketdesk-attachments-bucket/attachments/*\"}]}"
              }
            ],
            "managed_policy_arns": [],
            "max_session_duration": 3600,
            "name": "ticketdesk-api-task-role",
            "name_prefix": "",
            "path": "/",
            "permissions_boundary": "",
            "tags": {},
            "tags_all": {},
            "unique_id": "AROA55HI53JID5NTSIJ23"
          },
          "sensitive_attributes": [],
          "identity_schema_version": 0,
          "private": "eyJzY2hlbWFfdmVyc2lvbiI6IjAifQ=="
        }
      ]
    },
    {
      "mode": "managed",
      "type": "aws_iam_role",
      "name": "ecs_task_execution",
      "provider": "provider[\"registry.terraform.io/hashicorp/aws\"]",
      "instances": [
        {
          "schema_version": 0,
          "attributes": {
            "arn": "arn:aws:iam::956118719056:role/ecsTaskExecutionRole",
            "assume_role_policy": "{\"Statement\":[{\"Action\":\"sts:AssumeRole\",\"Effect\":\"Allow\",\"Principal\":{\"Service\":\"ecs-tasks.amazonaws.com\"},\"Sid\":\"\"}],\"Version\":\"2008-10-17\"}",
            "create_date": "2026-08-11T07:48:51Z",
            "description": "",
            "force_detach_policies": false,
            "id": "ecsTaskExecutionRole",
            "inline_policy": [
              {
                "name": "TicketDeskReadDatabaseSecret",
                "policy": "{\"Version\":\"2012-10-17\",\"Statement\":[{\"Action\":\"secretsmanager:GetSecretValue\",\"Effect\":\"Allow\",\"Resource\":\"arn:aws:secretsmanager:ap-south-1:956118719056:secret:ticketdesk/db-imzD0V\",\"Sid\":\"ReadTicketDeskDatabaseSecret\"}]}"
              }
            ],
            "managed_policy_arns": [
              "arn:aws:iam::aws:policy/service-role/AmazonECSTaskExecutionRolePolicy"
            ],
            "max_session_duration": 3600,
            "name": "ecsTaskExecutionRole",
            "name_prefix": "",
            "path": "/",
            "permissions_boundary": "",
            "tags": {},
            "tags_all": {},
            "unique_id": "AROA55HI53JIAZBOAEIRN"
          },
          "sensitive_attributes": [],
          "identity_schema_version": 0,
          "private": "eyJzY2hlbWFfdmVyc2lvbiI6IjAifQ=="
        }
      ]
    },
    {
      "mode": "managed",
      "type": "aws_iam_role_policy",
      "name": "read_db_exec",
      "provider": "provider[\"registry.terraform.io/hashicorp/aws\"]",
      "instances": [
        {
          "schema_version": 0,
          "attributes": {
            "id": "ecsTaskExecutionRole:TicketDeskReadDatabaseSecret",
            "name": "TicketDeskReadDatabaseSecret",
            "name_prefix": "",
            "policy": "{\"Version\":\"2012-10-17\",\"Statement\":[{\"Action\":\"secretsmanager:GetSecretValue\",\"Effect\":\"Allow\",\"Resource\":\"arn:aws:secretsmanager:ap-south-1:956118719056:secret:ticketdesk/db-imzD0V\",\"Sid\":\"ReadTicketDeskDatabaseSecret\"}]}",
            "role": "ecsTaskExecutionRole"
          },
          "sensitive_attributes": [],
          "identity_schema_version": 0,
          "private": "eyJzY2hlbWFfdmVyc2lvbiI6IjAifQ==",
          "dependencies": [
            "aws_iam_role.ecs_task_execution",
            "data.aws_secretsmanager_secret.db"
          ]
        }
      ]
    },
    {
      "mode": "managed",
      "type": "aws_iam_role_policy",
      "name": "read_db_task",
      "provider": "provider[\"registry.terraform.io/hashicorp/aws\"]",
      "instances": [
        {
          "schema_version": 0,
          "attributes": {
            "id": "ticketdesk-api-task-role:TicketDeskReadDatabaseSecret",
            "name": "TicketDeskReadDatabaseSecret",
            "name_prefix": "",
            "policy": "{\"Version\":\"2012-10-17\",\"Statement\":[{\"Action\":[\"secretsmanager:GetSecretValue\"],\"Effect\":\"Allow\",\"Resource\":\"arn:aws:secretsmanager:ap-south-1:956118719056:secret:ticketdesk/db-imzD0V\"}]}",
            "role": "ticketdesk-api-task-role"
          },
          "sensitive_attributes": [],
          "identity_schema_version": 0,
          "private": "eyJzY2hlbWFfdmVyc2lvbiI6IjAifQ==",
          "dependencies": [
            "aws_iam_role.ecs_task",
            "data.aws_secretsmanager_secret.db"
          ]
        }
      ]
    },
    {
      "mode": "managed",
      "type": "aws_iam_role_policy",
      "name": "upload_to_s3",
      "provider": "provider[\"registry.terraform.io/hashicorp/aws\"]",
      "instances": [
        {
          "schema_version": 0,
          "attributes": {
            "id": "ticketdesk-api-task-role:TicketDeskUploadToS3",
            "name": "TicketDeskUploadToS3",
            "name_prefix": "",
            "policy": "{\"Version\":\"2012-10-17\",\"Statement\":[{\"Action\":[\"s3:PutObject\"],\"Effect\":\"Allow\",\"Resource\":\"arn:aws:s3:::ticketdesk-attachments-bucket/attachments/*\"}]}",
            "role": "ticketdesk-api-task-role"
          },
          "sensitive_attributes": [],
          "identity_schema_version": 0,
          "private": "eyJzY2hlbWFfdmVyc2lvbiI6IjAifQ==",
          "dependencies": [
            "aws_iam_role.ecs_task"
          ]
        }
      ]
    },
    {
      "mode": "managed",
      "type": "aws_iam_role_policy_attachment",
      "name": "ecs_task_execution",
      "provider": "provider[\"registry.terraform.io/hashicorp/aws\"]",
      "instances": [
        {
          "schema_version": 0,
          "attributes": {
            "id": "ecsTaskExecutionRole-arn:aws:iam::aws:policy/service-role/AmazonECSTaskExecutionRolePolicy",
            "policy_arn": "arn:aws:iam::aws:policy/service-role/AmazonECSTaskExecutionRolePolicy",
            "role": "ecsTaskExecutionRole"
          },
          "sensitive_attributes": [],
          "identity_schema_version": 0,
          "private": "eyJzY2hlbWFfdmVyc2lvbiI6IjAifQ==",
          "dependencies": [
            "aws_iam_role.ecs_task_execution"
          ]
        }
      ]
    },
    {
      "mode": "managed",
      "type": "aws_sns_topic",
      "name": "ticketdesk_alerts",
      "provider": "provider[\"registry.terraform.io/hashicorp/aws\"]",
      "instances": [
        {
          "schema_version": 0,
          "attributes": {
            "application_failure_feedback_role_arn": "",
            "application_success_feedback_role_arn": "",
            "application_success_feedback_sample_rate": 0,
            "archive_policy": "",
            "arn": "arn:aws:sns:ap-south-1:956118719056:ticketdesk-alerts",
            "beginning_archive_time": "",
            "content_based_deduplication": false,
            "delivery_policy": "",
            "display_name": "",
            "fifo_throughput_scope": "",
            "fifo_topic": false,
            "firehose_failure_feedback_role_arn": "",
            "firehose_success_feedback_role_arn": "",
            "firehose_success_feedback_sample_rate": 0,
            "http_failure_feedback_role_arn": "",
            "http_success_feedback_role_arn": "",
            "http_success_feedback_sample_rate": 0,
            "id": "arn:aws:sns:ap-south-1:956118719056:ticketdesk-alerts",
            "kms_master_key_id": "",
            "lambda_failure_feedback_role_arn": "",
            "lambda_success_feedback_role_arn": "",
            "lambda_success_feedback_sample_rate": 0,
            "name": "ticketdesk-alerts",
            "name_prefix": "",
            "owner": "956118719056",
            "policy": "{\"Id\":\"__default_policy_ID\",\"Statement\":[{\"Action\":[\"SNS:GetTopicAttributes\",\"SNS:SetTopicAttributes\",\"SNS:AddPermission\",\"SNS:RemovePermission\",\"SNS:DeleteTopic\",\"SNS:Subscribe\",\"SNS:ListSubscriptionsByTopic\",\"SNS:Publish\"],\"Condition\":{\"StringEquals\":{\"AWS:SourceOwner\":\"956118719056\"}},\"Effect\":\"Allow\",\"Principal\":{\"AWS\":\"*\"},\"Resource\":\"arn:aws:sns:ap-south-1:956118719056:ticketdesk-alerts\",\"Sid\":\"__default_statement_ID\"}],\"Version\":\"2008-10-17\"}",
            "signature_version": 0,
            "sqs_failure_feedback_role_arn": "",
            "sqs_success_feedback_role_arn": "",
            "sqs_success_feedback_sample_rate": 0,
            "tags": {
              "Environment": "dev",
              "Name": "ticketdesk-alerts",
              "Project": "ticketdesk"
            },
            "tags_all": {
              "Environment": "dev",
              "Name": "ticketdesk-alerts",
              "Project": "ticketdesk"
            },
            "tracing_config": ""
          },
          "sensitive_attributes": [],
          "identity_schema_version": 0,
          "private": "bnVsbA=="
        }
      ]
    },
    {
      "mode": "managed",
      "type": "aws_sns_topic_subscription",
      "name": "ticketdesk_email",
      "provider": "provider[\"registry.terraform.io/hashicorp/aws\"]",
      "instances": [
        {
          "schema_version": 0,
          "attributes": {
            "arn": "arn:aws:sns:ap-south-1:956118719056:ticketdesk-alerts:553ec31c-0e0f-45b7-a509-e0f9eb9c9143",
            "confirmation_timeout_in_minutes": 1,
            "confirmation_was_authenticated": false,
            "delivery_policy": "",
            "endpoint": "thegeek370@gmail.com",
            "endpoint_auto_confirms": false,
            "filter_policy": "",
            "filter_policy_scope": "",
            "id": "arn:aws:sns:ap-south-1:956118719056:ticketdesk-alerts:553ec31c-0e0f-45b7-a509-e0f9eb9c9143",
            "owner_id": "956118719056",
            "pending_confirmation": false,
            "protocol": "email",
            "raw_message_delivery": false,
            "redrive_policy": "",
            "replay_policy": "",
            "subscription_role_arn": "",
            "topic_arn": "arn:aws:sns:ap-south-1:956118719056:ticketdesk-alerts"
          },
          "sensitive_attributes": [],
          "identity_schema_version": 0,
          "private": "bnVsbA==",
          "dependencies": [
            "aws_sns_topic.ticketdesk_alerts"
          ]
        }
      ]
    }
  ],
  "check_results": null
}
